<?xml version="1.0" encoding="utf-8"?>
<Project ToolsVersion="4.0" xmlns="http://schemas.microsoft.com/developer/msbuild/2003">
  <ItemGroup>
    <Filter Include="Source Files">
      <UniqueIdentifier>{4FC737F1-C7A5-4376-A066-2A32D752A2FF}</UniqueIdentifier>
      <Extensions>cpp;c;cc;cxx;def;odl;idl;hpj;bat;asm;asmx</Extensions>
    </Filter>
    <Filter Include="Header Files">
      <UniqueIdentifier>{93995380-89BD-4b04-88EB-625FBE52EBFB}</UniqueIdentifier>
      <Extensions>h;hh;hpp;hxx;hm;inl;inc;ipp;xsd</Extensions>
    </Filter>
    <Filter Include="Resource Files">
      <UniqueIdentifier>{67DA6AB6-F800-4c08-8B7A-83BB121AAD01}</UniqueIdentifier>
      <Extensions>rc;ico;cur;bmp;dlg;rc2;rct;bin;rgs;gif;jpg;jpeg;jpe;resx;tiff;tif;png;wav;mfcribbon-ms</Extensions>
    </Filter>
    <Filter Include="Header Files\Math">
      <UniqueIdentifier>{7ab067a7-b343-4269-9cfb-de8e076add80}</UniqueIdentifier>
    </Filter>
    <Filter Include="Source Files\Datastructures">
      <UniqueIdentifier>{349d9e5d-0d12-4aa0-b610-b6700c5c135a}</UniqueIdentifier>
    </Filter>
    <Filter Include="Header Files\Rendering">
      <UniqueIdentifier>{5cba0240-f303-4cef-974e-d82f904c5b72}</UniqueIdentifier>
    </Filter>
    <Filter Include="Source Files\Rendering">
      <UniqueIdentifier>{3891d975-81f1-4d78-8bdc-202e359c8569}</UniqueIdentifier>
    </Filter>
    <Filter Include="Source Files\Math">
      <UniqueIdentifier>{f2715306-69d8-4796-b1a3-b23e13ff190a}</UniqueIdentifier>
    </Filter>
    <Filter Include="Header Files\Datastructures">
      <UniqueIdentifier>{cb19a5d5-bbf2-469d-bc28-964422e757be}</UniqueIdentifier>
    </Filter>
    <Filter Include="Header Files\Utility">
      <UniqueIdentifier>{f57591d1-3b1d-48ce-8ce8-fe87ccfc753f}</UniqueIdentifier>
    </Filter>
    <Filter Include="Source Files\Utility">
      <UniqueIdentifier>{ea736bcd-07d5-467b-947a-d003035101f5}</UniqueIdentifier>
    </Filter>
    <Filter Include="Source Files\Programs">
      <UniqueIdentifier>{7c12507d-02ff-4b09-ae5f-36e7b99dfbe4}</UniqueIdentifier>
    </Filter>
    <Filter Include="Source Files\Programs\Upp_Lang">
      <UniqueIdentifier>{1cc28854-1fd3-409c-814e-5d969df59547}</UniqueIdentifier>
    </Filter>
    <Filter Include="Source Files\Programs\Proc_City">
      <UniqueIdentifier>{4030bf76-83f8-4e45-a4c2-8e7235771218}</UniqueIdentifier>
    </Filter>
    <Filter Include="Header Files\Win32">
      <UniqueIdentifier>{491472cc-8b12-4eba-8610-1ec3e05d50ac}</UniqueIdentifier>
    </Filter>
    <Filter Include="Header Files\Programs">
      <UniqueIdentifier>{222b1031-3752-4bba-835c-cd9b7a6a480b}</UniqueIdentifier>
    </Filter>
    <Filter Include="Header Files\Programs\Upp_Lang">
      <UniqueIdentifier>{1de67f4c-8759-4d19-adae-3c007076e502}</UniqueIdentifier>
    </Filter>
    <Filter Include="Header Files\Programs\Proc_City">
      <UniqueIdentifier>{b438c3f2-8a56-409a-8b47-f0fc5e099085}</UniqueIdentifier>
    </Filter>
    <Filter Include="Source Files\Win32">
      <UniqueIdentifier>{f56a672e-dbe3-4a24-8923-c36a332b7330}</UniqueIdentifier>
    </Filter>
    <Filter Include="Resource Files\Shaders">
      <UniqueIdentifier>{c976234c-3ac4-46c7-899d-44bdf1c1587e}</UniqueIdentifier>
    </Filter>
    <Filter Include="Header Files\Rendering\Core">
      <UniqueIdentifier>{46009852-c24f-48ba-a9b5-aee98d4f86c6}</UniqueIdentifier>
    </Filter>
    <Filter Include="Header Files\Rendering\Utility">
      <UniqueIdentifier>{6e8961df-a84d-4de3-a962-9d7bd4102668}</UniqueIdentifier>
    </Filter>
    <Filter Include="Header Files\Rendering\2D">
      <UniqueIdentifier>{bf38fd37-de12-4e4c-af9c-c1f6ec21b7ba}</UniqueIdentifier>
    </Filter>
    <Filter Include="Source Files\Rendering\Core">
      <UniqueIdentifier>{cef1c01e-c2c1-44f9-b16d-e93286da6fdb}</UniqueIdentifier>
    </Filter>
    <Filter Include="Source Files\Rendering\Utility">
      <UniqueIdentifier>{85a369e9-4dd7-4a2e-9c5f-7d84161dda57}</UniqueIdentifier>
    </Filter>
    <Filter Include="Source Files\Rendering\2D">
      <UniqueIdentifier>{7f6603e8-926b-4f78-b11c-180695243fda}</UniqueIdentifier>
    </Filter>
    <Filter Include="Resource Files\Shaders\Core">
      <UniqueIdentifier>{c37e374d-942d-4eac-b3e0-2437a7a6d6d9}</UniqueIdentifier>
    </Filter>
    <Filter Include="Resource Files\Shaders\Proc_City">
      <UniqueIdentifier>{7c92b910-9c21-49a8-9ea1-923e9c6313b4}</UniqueIdentifier>
    </Filter>
    <Filter Include="Resource Files\Shaders\Upp_Lang">
      <UniqueIdentifier>{b72a4446-85ee-44c4-88a4-1705e56cf350}</UniqueIdentifier>
    </Filter>
  </ItemGroup>
  <ItemGroup>
    <ClInclude Include="datastructures\array.hpp">
      <Filter>Header Files\Datastructures</Filter>
    </ClInclude>
    <ClInclude Include="datastructures\dynamic_array.hpp">
      <Filter>Header Files\Datastructures</Filter>
    </ClInclude>
    <ClInclude Include="datastructures\hashtable.hpp">
      <Filter>Header Files\Datastructures</Filter>
    </ClInclude>
    <ClInclude Include="datastructures\string.hpp">
      <Filter>Header Files\Datastructures</Filter>
    </ClInclude>
    <ClInclude Include="math\matrices.hpp">
      <Filter>Header Files\Math</Filter>
    </ClInclude>
    <ClInclude Include="math\scalars.hpp">
      <Filter>Header Files\Math</Filter>
    </ClInclude>
    <ClInclude Include="math\spherical.hpp">
      <Filter>Header Files\Math</Filter>
    </ClInclude>
    <ClInclude Include="math\umath.hpp">
      <Filter>Header Files\Math</Filter>
    </ClInclude>
    <ClInclude Include="math\vectors.hpp">
      <Filter>Header Files\Math</Filter>
    </ClInclude>
    <ClInclude Include="win32\input.hpp">
      <Filter>Header Files\Win32</Filter>
    </ClInclude>
    <ClInclude Include="win32\timing.hpp">
      <Filter>Header Files\Win32</Filter>
    </ClInclude>
    <ClInclude Include="win32\window.hpp">
      <Filter>Header Files\Win32</Filter>
    </ClInclude>
    <ClInclude Include="win32\windows_helper_functions.hpp">
      <Filter>Header Files\Win32</Filter>
    </ClInclude>
    <ClInclude Include="programs\upp_lang\text_editor.hpp">
      <Filter>Header Files\Programs\Upp_Lang</Filter>
    </ClInclude>
    <ClInclude Include="programs\upp_lang\upp_lang.hpp">
      <Filter>Header Files\Programs\Upp_Lang</Filter>
    </ClInclude>
    <ClInclude Include="utility\binary_parser.hpp">
      <Filter>Header Files\Utility</Filter>
    </ClInclude>
    <ClInclude Include="utility\datatypes.hpp">
      <Filter>Header Files\Utility</Filter>
    </ClInclude>
    <ClInclude Include="utility\directory_crawler.hpp">
      <Filter>Header Files\Utility</Filter>
    </ClInclude>
    <ClInclude Include="utility\file_io.hpp">
      <Filter>Header Files\Utility</Filter>
    </ClInclude>
    <ClInclude Include="utility\file_listener.hpp">
      <Filter>Header Files\Utility</Filter>
    </ClInclude>
    <ClInclude Include="utility\utils.hpp">
      <Filter>Header Files\Utility</Filter>
    </ClInclude>
    <ClInclude Include="upplib.hpp">
      <Filter>Header Files</Filter>
    </ClInclude>
    <ClInclude Include="programs\proc_city\proc_city.hpp">
      <Filter>Header Files\Programs\Proc_City</Filter>
    </ClInclude>
    <ClInclude Include="datastructures\string_pool.hpp">
      <Filter>Header Files\Datastructures</Filter>
    </ClInclude>
    <ClInclude Include="utility\gui.hpp">
      <Filter>Header Files\Utility</Filter>
    </ClInclude>
    <ClInclude Include="programs\upp_lang\text.hpp">
      <Filter>Header Files\Programs\Upp_Lang</Filter>
    </ClInclude>
    <ClInclude Include="programs\upp_lang\lexer.hpp">
      <Filter>Header Files\Programs\Upp_Lang</Filter>
    </ClInclude>
    <ClInclude Include="programs\upp_lang\semantic_analyser.hpp">
      <Filter>Header Files\Programs\Upp_Lang</Filter>
    </ClInclude>
    <ClInclude Include="programs\upp_lang\bytecode_interpreter.hpp">
      <Filter>Header Files\Programs\Upp_Lang</Filter>
    </ClInclude>
    <ClInclude Include="utility\random.hpp">
      <Filter>Header Files\Utility</Filter>
    </ClInclude>
    <ClInclude Include="programs\upp_lang\c_backend.hpp">
      <Filter>Header Files\Programs\Upp_Lang</Filter>
    </ClInclude>
    <ClInclude Include="programs\upp_lang\compiler.hpp">
      <Filter>Header Files\Programs\Upp_Lang</Filter>
    </ClInclude>
    <ClInclude Include="programs\upp_lang\bytecode_generator.hpp">
      <Filter>Header Files\Programs\Upp_Lang</Filter>
    </ClInclude>
    <ClInclude Include="programs\upp_lang\code_editor.hpp">
      <Filter>Header Files\Programs\Upp_Lang</Filter>
    </ClInclude>
    <ClInclude Include="programs\upp_lang\test_renderer.hpp">
      <Filter>Header Files\Programs\Upp_Lang</Filter>
    </ClInclude>
    <ClInclude Include="rendering\rendering_core.hpp">
      <Filter>Header Files\Rendering\Core</Filter>
    </ClInclude>
    <ClInclude Include="rendering\cameras.hpp">
      <Filter>Header Files\Rendering\Core</Filter>
    </ClInclude>
    <ClInclude Include="rendering\opengl_function_pointers.hpp">
      <Filter>Header Files\Rendering\Utility</Filter>
    </ClInclude>
    <ClInclude Include="rendering\opengl_utils.hpp">
      <Filter>Header Files\Rendering\Utility</Filter>
    </ClInclude>
    <ClInclude Include="rendering\mesh_utils.hpp">
      <Filter>Header Files\Rendering\Utility</Filter>
    </ClInclude>
    <ClInclude Include="rendering\camera_controllers.hpp">
      <Filter>Header Files\Rendering\Utility</Filter>
    </ClInclude>
    <ClInclude Include="rendering\shader_program.hpp">
      <Filter>Header Files\Rendering\Core</Filter>
    </ClInclude>
    <ClInclude Include="rendering\glyph_atlas.hpp">
      <Filter>Header Files\Rendering\2D</Filter>
    </ClInclude>
    <ClInclude Include="rendering\text_renderer.hpp">
      <Filter>Header Files\Rendering\2D</Filter>
    </ClInclude>
    <ClInclude Include="rendering\texture_bitmap.hpp">
      <Filter>Header Files\Rendering\Utility</Filter>
    </ClInclude>
    <ClInclude Include="rendering\gpu_buffers.hpp">
      <Filter>Header Files\Rendering\Core</Filter>
    </ClInclude>
    <ClInclude Include="rendering\texture_2D.hpp">
      <Filter>Header Files\Rendering\Core</Filter>
    </ClInclude>
    <ClInclude Include="rendering\renderer_2D.hpp">
      <Filter>Header Files\Rendering\2D</Filter>
    </ClInclude>
    <ClInclude Include="rendering\framebuffer.hpp">
      <Filter>Header Files\Rendering\Core</Filter>
    </ClInclude>
    <ClInclude Include="rendering\render_pass.hpp">
      <Filter>Header Files\Rendering\Utility</Filter>
    </ClInclude>
    <ClInclude Include="programs\upp_lang\ast_parser.hpp">
      <Filter>Header Files\Programs\Upp_Lang</Filter>
    </ClInclude>
    <ClInclude Include="utility\hash_functions.hpp">
      <Filter>Header Files\Utility</Filter>
    </ClInclude>
    <ClInclude Include="datastructures\hashset.hpp">
      <Filter>Header Files\Datastructures</Filter>
    </ClInclude>
    <ClInclude Include="programs\upp_lang\c_importer.hpp">
      <Filter>Header Files\Programs\Upp_Lang</Filter>
    </ClInclude>
    <ClInclude Include="win32\process.hpp">
      <Filter>Header Files\Win32</Filter>
    </ClInclude>
  </ItemGroup>
  <ItemGroup>
    <ClCompile Include="datastructures\array.cpp">
      <Filter>Source Files\Datastructures</Filter>
    </ClCompile>
    <ClCompile Include="datastructures\dynamic_array.cpp">
      <Filter>Source Files\Datastructures</Filter>
    </ClCompile>
    <ClCompile Include="datastructures\string.cpp">
      <Filter>Source Files\Datastructures</Filter>
    </ClCompile>
    <ClCompile Include="math\matrices.cpp">
      <Filter>Source Files\Math</Filter>
    </ClCompile>
    <ClCompile Include="math\scalars.cpp">
      <Filter>Source Files\Math</Filter>
    </ClCompile>
    <ClCompile Include="math\spherical.cpp">
      <Filter>Source Files\Math</Filter>
    </ClCompile>
    <ClCompile Include="math\vectors.cpp">
      <Filter>Source Files\Math</Filter>
    </ClCompile>
    <ClCompile Include="win32\input.cpp">
      <Filter>Source Files\Win32</Filter>
    </ClCompile>
    <ClCompile Include="win32\timing.cpp">
      <Filter>Source Files\Win32</Filter>
    </ClCompile>
    <ClCompile Include="win32\window.cpp">
      <Filter>Source Files\Win32</Filter>
    </ClCompile>
    <ClCompile Include="win32\windows_helper_functions.cpp">
      <Filter>Source Files\Win32</Filter>
    </ClCompile>
    <ClCompile Include="programs\upp_lang\text_editor.cpp">
      <Filter>Source Files\Programs\Upp_Lang</Filter>
    </ClCompile>
    <ClCompile Include="programs\upp_lang\upp_lang.cpp">
      <Filter>Source Files\Programs\Upp_Lang</Filter>
    </ClCompile>
    <ClCompile Include="utility\binary_parser.cpp">
      <Filter>Source Files\Utility</Filter>
    </ClCompile>
    <ClCompile Include="utility\directory_crawler.cpp">
      <Filter>Source Files\Utility</Filter>
    </ClCompile>
    <ClCompile Include="utility\file_io.cpp">
      <Filter>Source Files\Utility</Filter>
    </ClCompile>
    <ClCompile Include="utility\file_listener.cpp">
      <Filter>Source Files\Utility</Filter>
    </ClCompile>
    <ClCompile Include="utility\utils.cpp">
      <Filter>Source Files\Utility</Filter>
    </ClCompile>
    <ClCompile Include="main.cpp">
      <Filter>Source Files</Filter>
    </ClCompile>
    <ClCompile Include="programs\proc_city\proc_city.cpp">
      <Filter>Source Files\Programs\Proc_City</Filter>
    </ClCompile>
    <ClCompile Include="utility\bounding_box.cpp">
      <Filter>Source Files\Utility</Filter>
    </ClCompile>
    <ClCompile Include="datastructures\string_pool.cpp">
      <Filter>Source Files\Datastructures</Filter>
    </ClCompile>
    <ClCompile Include="utility\gui.cpp">
      <Filter>Source Files\Utility</Filter>
    </ClCompile>
    <ClCompile Include="programs\upp_lang\text.cpp">
      <Filter>Source Files\Programs\Upp_Lang</Filter>
    </ClCompile>
    <ClCompile Include="programs\upp_lang\lexer.cpp">
      <Filter>Source Files\Programs\Upp_Lang</Filter>
    </ClCompile>
    <ClCompile Include="programs\upp_lang\ast_parser.cpp">
      <Filter>Source Files\Programs\Upp_Lang</Filter>
    </ClCompile>
    <ClCompile Include="programs\upp_lang\semantic_analyser.cpp">
      <Filter>Source Files\Programs\Upp_Lang</Filter>
    </ClCompile>
    <ClCompile Include="programs\upp_lang\bytecode_interpreter.cpp">
      <Filter>Source Files\Programs\Upp_Lang</Filter>
    </ClCompile>
    <ClCompile Include="utility\random.cpp">
      <Filter>Source Files\Utility</Filter>
    </ClCompile>
    <ClCompile Include="programs\upp_lang\c_backend.cpp">
      <Filter>Source Files\Programs\Upp_Lang</Filter>
    </ClCompile>
    <ClCompile Include="programs\upp_lang\compiler.cpp">
      <Filter>Source Files\Programs\Upp_Lang</Filter>
    </ClCompile>
    <ClCompile Include="programs\upp_lang\bytecode_generator.cpp">
      <Filter>Source Files\Programs\Upp_Lang</Filter>
    </ClCompile>
    <ClCompile Include="programs\upp_lang\code_editor.cpp">
      <Filter>Source Files\Programs\Upp_Lang</Filter>
    </ClCompile>
    <ClCompile Include="programs\upp_lang\test_renderer.cpp">
      <Filter>Source Files\Programs\Upp_Lang</Filter>
    </ClCompile>
    <ClCompile Include="rendering\camera_controllers.cpp">
      <Filter>Source Files\Rendering\Utility</Filter>
    </ClCompile>
    <ClCompile Include="rendering\cameras.cpp">
      <Filter>Source Files\Rendering\Core</Filter>
    </ClCompile>
    <ClCompile Include="rendering\glyph_atlas.cpp">
      <Filter>Source Files\Rendering\2D</Filter>
    </ClCompile>
    <ClCompile Include="rendering\mesh_utils.cpp">
      <Filter>Source Files\Rendering\Utility</Filter>
    </ClCompile>
    <ClCompile Include="rendering\opengl_function_pointers.cpp">
      <Filter>Source Files\Rendering\Utility</Filter>
    </ClCompile>
    <ClCompile Include="rendering\opengl_utils.cpp">
      <Filter>Source Files\Rendering\Utility</Filter>
    </ClCompile>
    <ClCompile Include="rendering\rendering_core.cpp">
      <Filter>Source Files\Rendering\Core</Filter>
    </ClCompile>
    <ClCompile Include="rendering\shader_program.cpp">
      <Filter>Source Files\Rendering\Core</Filter>
    </ClCompile>
    <ClCompile Include="rendering\text_renderer.cpp">
      <Filter>Source Files\Rendering\2D</Filter>
    </ClCompile>
    <ClCompile Include="rendering\gpu_buffers.cpp">
      <Filter>Source Files\Rendering\Core</Filter>
    </ClCompile>
    <ClCompile Include="rendering\texture_2D.cpp">
      <Filter>Source Files\Rendering\Core</Filter>
    </ClCompile>
    <ClCompile Include="rendering\renderer_2D.cpp">
      <Filter>Source Files\Rendering\2D</Filter>
    </ClCompile>
    <ClCompile Include="rendering\texture_bitmap.cpp">
      <Filter>Source Files\Rendering\Utility</Filter>
    </ClCompile>
    <ClCompile Include="rendering\framebuffer.cpp">
      <Filter>Source Files\Rendering\Core</Filter>
    </ClCompile>
    <ClCompile Include="rendering\render_pass.cpp">
      <Filter>Source Files\Rendering\Utility</Filter>
    </ClCompile>
    <ClCompile Include="utility\hash_functions.cpp">
      <Filter>Source Files\Utility</Filter>
    </ClCompile>
    <ClCompile Include="datastructures\hashset.cpp">
      <Filter>Source Files\Datastructures</Filter>
    </ClCompile>
    <ClCompile Include="programs\upp_lang\c_importer.cpp">
      <Filter>Source Files\Programs\Upp_Lang</Filter>
    </ClCompile>
    <ClCompile Include="win32\process.cpp">
      <Filter>Source Files\Win32</Filter>
    </ClCompile>
  </ItemGroup>
  <ItemGroup>
    <Text Include="..\resources\TODO.txt">
      <Filter>Resource Files</Filter>
    </Text>
    <Text Include="..\resources\Examples.txt">
      <Filter>Resource Files</Filter>
    </Text>
  </ItemGroup>
  <ItemGroup>
    <None Include="..\resources\shaders\test.glsl">
      <Filter>Resource Files\Shaders</Filter>
    </None>
    <None Include="..\resources\shaders\core\font_bitmap.glsl">
      <Filter>Resource Files\Shaders\Core</Filter>
    </None>
    <None Include="..\resources\shaders\core\geometry_2d.glsl">
      <Filter>Resource Files\Shaders\Core</Filter>
    </None>
    <None Include="..\resources\shaders\upp_lang\background.glsl">
      <Filter>Resource Files\Shaders\Upp_Lang</Filter>
    </None>
    <None Include="..\resources\shaders\upp_lang\cursor.glsl">
      <Filter>Resource Files\Shaders\Upp_Lang</Filter>
    </None>
    <None Include="..\resources\shaders\proc_city\city_shader.glsl">
      <Filter>Resource Files\Shaders\Proc_City</Filter>
    </None>
    <None Include="..\resources\shaders\core\font_sdf.glsl">
      <Filter>Resource Files\Shaders\Core</Filter>
    </None>
    <None Include="..\resources\shaders\core\uniform_blocks.glsl">
      <Filter>Resource Files\Shaders\Core</Filter>
    </None>
    <None Include="..\resources\shaders\rectangle_2D.glsl">
      <Filter>Resource Files\Shaders</Filter>
    </None>
    <None Include="..\resources\shaders\circle_2D.glsl">
      <Filter>Resource Files\Shaders</Filter>
    </None>
    <None Include="..\resources\shaders\line_2D.glsl">
      <Filter>Resource Files\Shaders</Filter>
    </None>
  </ItemGroup>
</Project>